// !$*UTF8*$!
{
	archiveVersion = 1;
	classes = {
	};
	objectVersion = 46;
	objects = {

/* Begin PBXBuildFile section */
		84C1E3291DFE7E1500289EA3 /* main.m in Sources */ = {isa = PBXBuildFile; fileRef = 84C1E3281DFE7E1500289EA3 /* main.m */; };
		84C1E32C1DFE7E1500289EA3 /* AppDelegate.m in Sources */ = {isa = PBXBuildFile; fileRef = 84C1E32B1DFE7E1500289EA3 /* AppDelegate.m */; };
		84C1E32F1DFE7E1500289EA3 /* ViewController.m in Sources */ = {isa = PBXBuildFile; fileRef = 84C1E32E1DFE7E1500289EA3 /* ViewController.m */; };
		84C1E3321DFE7E1500289EA3 /* Main.storyboard in Resources */ = {isa = PBXBuildFile; fileRef = 84C1E3301DFE7E1500289EA3 /* Main.storyboard */; };
		84C1E3341DFE7E1500289EA3 /* Assets.xcassets in Resources */ = {isa = PBXBuildFile; fileRef = 84C1E3331DFE7E1500289EA3 /* Assets.xcassets */; };
		84C1E3371DFE7E1500289EA3 /* LaunchScreen.storyboard in Resources */ = {isa = PBXBuildFile; fileRef = 84C1E3351DFE7E1500289EA3 /* LaunchScreen.storyboard */; };
		84C1E3421DFE7E1500289EA3 /* ZJMusicPlayerTests.m in Sources */ = {isa = PBXBuildFile; fileRef = 84C1E3411DFE7E1500289EA3 /* ZJMusicPlayerTests.m */; };
		84C1E34D1DFE7E1500289EA3 /* ZJMusicPlayerUITests.m in Sources */ = {isa = PBXBuildFile; fileRef = 84C1E34C1DFE7E1500289EA3 /* ZJMusicPlayerUITests.m */; };
		84C1E35C1DFE805600289EA3 /* AVFoundation.framework in Frameworks */ = {isa = PBXBuildFile; fileRef = 84C1E35B1DFE805600289EA3 /* AVFoundation.framework */; };
		84C1E35E1DFE83AF00289EA3 /* miaoxiao.mp3 in Resources */ = {isa = PBXBuildFile; fileRef = 84C1E35D1DFE83AF00289EA3 /* miaoxiao.mp3 */; };
		84C1E3601DFE8AFE00289EA3 /* miaoxiao.jpg in Resources */ = {isa = PBXBuildFile; fileRef = 84C1E35F1DFE8AFE00289EA3 /* miaoxiao.jpg */; };
/* End PBXBuildFile section */

/* Begin PBXContainerItemProxy section */
		84C1E33E1DFE7E1500289EA3 /* PBXContainerItemProxy */ = {
			isa = PBXContainerItemProxy;
			containerPortal = 84C1E31C1DFE7E1500289EA3 /* Project object */;
			proxyType = 1;
			remoteGlobalIDString = 84C1E3231DFE7E1500289EA3;
			remoteInfo = ZJMusicPlayer;
		};
		84C1E3491DFE7E1500289EA3 /* PBXContainerItemProxy */ = {
			isa = PBXContainerItemProxy;
			containerPortal = 84C1E31C1DFE7E1500289EA3 /* Project object */;
			proxyType = 1;
			remoteGlobalIDString = 84C1E3231DFE7E1500289EA3;
			remoteInfo = ZJMusicPlayer;
		};
/* End PBXContainerItemProxy section */

/* Begin PBXFileReference section */
		84C1E3241DFE7E1500289EA3 /* ZJMusicPlayer.app */ = {isa = PBXFileReference; explicitFileType = wrapper.application; includeInIndex = 0; path = ZJMusicPlayer.app; sourceTree = BUILT_PRODUCTS_DIR; };
		84C1E3281DFE7E1500289EA3 /* main.m */ = {isa = PBXFileReference; lastKnownFileType = sourcecode.c.objc; path = main.m; sourceTree = "<group>"; };
		84C1E32A1DFE7E1500289EA3 /* AppDelegate.h */ = {isa = PBXFileReference; lastKnownFileType = sourcecode.c.h; path = AppDelegate.h; sourceTree = "<group>"; };
		84C1E32B1DFE7E1500289EA3 /* AppDelegate.m */ = {isa = PBXFileReference; lastKnownFileType = sourcecode.c.objc; path = AppDelegate.m; sourceTree = "<group>"; };
		84C1E32D1DFE7E1500289EA3 /* ViewController.h */ = {isa = PBXFileReference; lastKnownFileType = sourcecode.c.h; path = ViewController.h; sourceTree = "<group>"; };
		84C1E32E1DFE7E1500289EA3 /* ViewController.m */ = {isa = PBXFileReference; lastKnownFileType = sourcecode.c.objc; path = ViewController.m; sourceTree = "<group>"; };
		84C1E3311DFE7E1500289EA3 /* Base */ = {isa = PBXFileReference; lastKnownFileType = file.storyboard; name = Base; path = Base.lproj/Main.storyboard; sourceTree = "<group>"; };
		84C1E3331DFE7E1500289EA3 /* Assets.xcassets */ = {isa = PBXFileReference; lastKnownFileType = folder.assetcatalog; path = Assets.xcassets; sourceTree = "<group>"; };
		84C1E3361DFE7E1500289EA3 /* Base */ = {isa = PBXFileReference; lastKnownFileType = file.storyboard; name = Base; path = Base.lproj/LaunchScreen.storyboard; sourceTree = "<group>"; };
		84C1E3381DFE7E1500289EA3 /* Info.plist */ = {isa = PBXFileReference; lastKnownFileType = text.plist.xml; path = Info.plist; sourceTree = "<group>"; };
		84C1E33D1DFE7E1500289EA3 /* ZJMusicPlayerTests.xctest */ = {isa = PBXFileReference; explicitFileType = wrapper.cfbundle; includeInIndex = 0; path = ZJMusicPlayerTests.xctest; sourceTree = BUILT_PRODUCTS_DIR; };
		84C1E3411DFE7E1500289EA3 /* ZJMusicPlayerTests.m */ = {isa = PBXFileReference; lastKnownFileType = sourcecode.c.objc; path = ZJMusicPlayerTests.m; sourceTree = "<group>"; };
		84C1E3431DFE7E1500289EA3 /* Info.plist */ = {isa = PBXFileReference; lastKnownFileType = text.plist.xml; path = Info.plist; sourceTree = "<group>"; };
		84C1E3481DFE7E1500289EA3 /* ZJMusicPlayerUITests.xctest */ = {isa = PBXFileReference; explicitFileType = wrapper.cfbundle; includeInIndex = 0; path = ZJMusicPlayerUITests.xctest; sourceTree = BUILT_PRODUCTS_DIR; };
		84C1E34C1DFE7E1500289EA3 /* ZJMusicPlayerUITests.m */ = {isa = PBXFileReference; lastKnownFileType = sourcecode.c.objc; path = ZJMusicPlayerUITests.m; sourceTree = "<group>"; };
		84C1E34E1DFE7E1500289EA3 /* Info.plist */ = {isa = PBXFileReference; lastKnownFileType = text.plist.xml; path = Info.plist; sourceTree = "<group>"; };
		84C1E35B1DFE805600289EA3 /* AVFoundation.framework */ = {isa = PBXFileReference; lastKnownFileType = wrapper.framework; name = AVFoundation.framework; path = System/Library/Frameworks/AVFoundation.framework; sourceTree = SDKROOT; };
		84C1E35D1DFE83AF00289EA3 /* miaoxiao.mp3 */ = {isa = PBXFileReference; lastKnownFileType = audio.mp3; path = miaoxiao.mp3; sourceTree = "<group>"; };
		84C1E35F1DFE8AFE00289EA3 /* miaoxiao.jpg */ = {isa = PBXFileReference; lastKnownFileType = image.jpeg; path = miaoxiao.jpg; sourceTree = "<group>"; };
/* End PBXFileReference section */

/* Begin PBXFrameworksBuildPhase section */
		84C1E3211DFE7E1500289EA3 /* Frameworks */ = {
			isa = PBXFrameworksBuildPhase;
			buildActionMask = 2147483647;
			files = (
				84C1E35C1DFE805600289EA3 /* AVFoundation.framework in Frameworks */,
			);
			runOnlyForDeploymentPostprocessing = 0;
		};
		84C1E33A1DFE7E1500289EA3 /* Frameworks */ = {
			isa = PBXFrameworksBuildPhase;
			buildActionMask = 2147483647;
			files = (
			);
			runOnlyForDeploymentPostprocessing = 0;
		};
		84C1E3451DFE7E1500289EA3 /* Frameworks */ = {
			isa = PBXFrameworksBuildPhase;
			buildActionMask = 2147483647;
			files = (
			);
			runOnlyForDeploymentPostprocessing = 0;
		};
/* End PBXFrameworksBuildPhase section */

/* Begin PBXGroup section */
		84C1E31B1DFE7E1500289EA3 = {
			isa = PBXGroup;
			children = (
				84C1E3261DFE7E1500289EA3 /* ZJMusicPlayer */,
				84C1E3401DFE7E1500289EA3 /* ZJMusicPlayerTests */,
				84C1E34B1DFE7E1500289EA3 /* ZJMusicPlayerUITests */,
				84C1E3251DFE7E1500289EA3 /* Products */,
				84C1E35A1DFE805600289EA3 /* Frameworks */,
			);
			sourceTree = "<group>";
		};
		84C1E3251DFE7E1500289EA3 /* Products */ = {
			isa = PBXGroup;
			children = (
				84C1E3241DFE7E1500289EA3 /* ZJMusicPlayer.app */,
				84C1E33D1DFE7E1500289EA3 /* ZJMusicPlayerTests.xctest */,
				84C1E3481DFE7E1500289EA3 /* ZJMusicPlayerUITests.xctest */,
			);
			name = Products;
			sourceTree = "<group>";
		};
		84C1E3261DFE7E1500289EA3 /* ZJMusicPlayer */ = {
			isa = PBXGroup;
			children = (
				84C1E35F1DFE8AFE00289EA3 /* miaoxiao.jpg */,
				84C1E35D1DFE83AF00289EA3 /* miaoxiao.mp3 */,
				84C1E32A1DFE7E1500289EA3 /* AppDelegate.h */,
				84C1E32B1DFE7E1500289EA3 /* AppDelegate.m */,
				84C1E32D1DFE7E1500289EA3 /* ViewController.h */,
				84C1E32E1DFE7E1500289EA3 /* ViewController.m */,
				84C1E3301DFE7E1500289EA3 /* Main.storyboard */,
				84C1E3331DFE7E1500289EA3 /* Assets.xcassets */,
				84C1E3351DFE7E1500289EA3 /* LaunchScreen.storyboard */,
				84C1E3381DFE7E1500289EA3 /* Info.plist */,
				84C1E3271DFE7E1500289EA3 /* Supporting Files */,
			);
			path = ZJMusicPlayer;
			sourceTree = "<group>";
		};
		84C1E3271DFE7E1500289EA3 /* Supporting Files */ = {
			isa = PBXGroup;
			children = (
				84C1E3281DFE7E1500289EA3 /* main.m */,
			);
			name = "Supporting Files";
			sourceTree = "<group>";
		};
		84C1E3401DFE7E1500289EA3 /* ZJMusicPlayerTests */ = {
			isa = PBXGroup;
			children = (
				84C1E3411DFE7E1500289EA3 /* ZJMusicPlayerTests.m */,
				84C1E3431DFE7E1500289EA3 /* Info.plist */,
			);
			path = ZJMusicPlayerTests;
			sourceTree = "<group>";
		};
		84C1E34B1DFE7E1500289EA3 /* ZJMusicPlayerUITests */ = {
			isa = PBXGroup;
			children = (
				84C1E34C1DFE7E1500289EA3 /* ZJMusicPlayerUITests.m */,
				84C1E34E1DFE7E1500289EA3 /* Info.plist */,
			);
			path = ZJMusicPlayerUITests;
			sourceTree = "<group>";
		};
		84C1E35A1DFE805600289EA3 /* Frameworks */ = {
			isa = PBXGroup;
			children = (
				84C1E35B1DFE805600289EA3 /* AVFoundation.framework */,
			);
			name = Frameworks;
			sourceTree = "<group>";
		};
/* End PBXGroup section */

/* Begin PBXNativeTarget section */
		84C1E3231DFE7E1500289EA3 /* ZJMusicPlayer */ = {
			isa = PBXNativeTarget;
			buildConfigurationList = 84C1E3511DFE7E1500289EA3 /* Build configuration list for PBXNativeTarget "ZJMusicPlayer" */;
			buildPhases = (
				84C1E3201DFE7E1500289EA3 /* Sources */,
				84C1E3211DFE7E1500289EA3 /* Frameworks */,
				84C1E3221DFE7E1500289EA3 /* Resources */,
			);
			buildRules = (
			);
			dependencies = (
			);
			name = ZJMusicPlayer;
			productName = ZJMusicPlayer;
			productReference = 84C1E3241DFE7E1500289EA3 /* ZJMusicPlayer.app */;
			productType = "com.apple.product-type.application";
		};
		84C1E33C1DFE7E1500289EA3 /* ZJMusicPlayerTests */ = {
			isa = PBXNativeTarget;
			buildConfigurationList = 84C1E3541DFE7E1500289EA3 /* Build configuration list for PBXNativeTarget "ZJMusicPlayerTests" */;
			buildPhases = (
				84C1E3391DFE7E1500289EA3 /* Sources */,
				84C1E33A1DFE7E1500289EA3 /* Frameworks */,
				84C1E33B1DFE7E1500289EA3 /* Resources */,
			);
			buildRules = (
			);
			dependencies = (
				84C1E33F1DFE7E1500289EA3 /* PBXTargetDependency */,
			);
			name = ZJMusicPlayerTests;
			productName = ZJMusicPlayerTests;
			productReference = 84C1E33D1DFE7E1500289EA3 /* ZJMusicPlayerTests.xctest */;
			productType = "com.apple.product-type.bundle.unit-test";
		};
		84C1E3471DFE7E1500289EA3 /* ZJMusicPlayerUITests */ = {
			isa = PBXNativeTarget;
			buildConfigurationList = 84C1E3571DFE7E1500289EA3 /* Build configuration list for PBXNativeTarget "ZJMusicPlayerUITests" */;
			buildPhases = (
				84C1E3441DFE7E1500289EA3 /* Sources */,
				84C1E3451DFE7E1500289EA3 /* Frameworks */,
				84C1E3461DFE7E1500289EA3 /* Resources */,
			);
			buildRules = (
			);
			dependencies = (
				84C1E34A1DFE7E1500289EA3 /* PBXTargetDependency */,
			);
			name = ZJMusicPlayerUITests;
			productName = ZJMusicPlayerUITests;
			productReference = 84C1E3481DFE7E1500289EA3 /* ZJMusicPlayerUITests.xctest */;
			productType = "com.apple.product-type.bundle.ui-testing";
		};
/* End PBXNativeTarget section */

/* Begin PBXProject section */
		84C1E31C1DFE7E1500289EA3 /* Project object */ = {
			isa = PBXProject;
			attributes = {
				LastUpgradeCheck = 0810;
				ORGANIZATIONNAME = eTanTan;
				TargetAttributes = {
					84C1E3231DFE7E1500289EA3 = {
						CreatedOnToolsVersion = 8.1;
						DevelopmentTeam = U3ME3KZGWP;
						ProvisioningStyle = Automatic;
					};
					84C1E33C1DFE7E1500289EA3 = {
						CreatedOnToolsVersion = 8.1;
						ProvisioningStyle = Automatic;
						TestTargetID = 84C1E3231DFE7E1500289EA3;
					};
					84C1E3471DFE7E1500289EA3 = {
						CreatedOnToolsVersion = 8.1;
						ProvisioningStyle = Automatic;
						TestTargetID = 84C1E3231DFE7E1500289EA3;
					};
				};
			};
			buildConfigurationList = 84C1E31F1DFE7E1500289EA3 /* Build configuration list for PBXProject "ZJMusicPlayer" */;
			compatibilityVersion = "Xcode 3.2";
			developmentRegion = English;
			hasScannedForEncodings = 0;
			knownRegions = (
				en,
				Base,
			);
			mainGroup = 84C1E31B1DFE7E1500289EA3;
			productRefGroup = 84C1E3251DFE7E1500289EA3 /* Products */;
			projectDirPath = "";
			projectRoot = "";
			targets = (
				84C1E3231DFE7E1500289EA3 /* ZJMusicPlayer */,
				84C1E33C1DFE7E1500289EA3 /* ZJMusicPlayerTests */,
				84C1E3471DFE7E1500289EA3 /* ZJMusicPlayerUITests */,
			);
		};
/* End PBXProject section */

/* Begin PBXResourcesBuildPhase section */
		84C1E3221DFE7E1500289EA3 /* Resources */ = {
			isa = PBXResourcesBuildPhase;
			buildActionMask = 2147483647;
			files = (
				84C1E3371DFE7E1500289EA3 /* LaunchScreen.storyboard in Resources */,
				84C1E3341DFE7E1500289EA3 /* Assets.xcassets in Resources */,
				84C1E3321DFE7E1500289EA3 /* Main.storyboard in Resources */,
				84C1E3601DFE8AFE00289EA3 /* miaoxiao.jpg in Resources */,
				84C1E35E1DFE83AF00289EA3 /* miaoxiao.mp3 in Resources */,
			);
			runOnlyForDeploymentPostprocessing = 0;
		};
		84C1E33B1DFE7E1500289EA3 /* Resources */ = {
			isa = PBXResourcesBuildPhase;
			buildActionMask = 2147483647;
			files = (
			);
			runOnlyForDeploymentPostprocessing = 0;
		};
		84C1E3461DFE7E1500289EA3 /* Resources */ = {
			isa = PBXResourcesBuildPhase;
			buildActionMask = 2147483647;
			files = (
			);
			runOnlyForDeploymentPostprocessing = 0;
		};
/* End PBXResourcesBuildPhase section */

/* Begin PBXSourcesBuildPhase section */
		84C1E3201DFE7E1500289EA3 /* Sources */ = {
			isa = PBXSourcesBuildPhase;
			buildActionMask = 2147483647;
			files = (
				84C1E32F1DFE7E1500289EA3 /* ViewController.m in Sources */,
				84C1E32C1DFE7E1500289EA3 /* AppDelegate.m in Sources */,
				84C1E3291DFE7E1500289EA3 /* main.m in Sources */,
			);
			runOnlyForDeploymentPostprocessing = 0;
		};
		84C1E3391DFE7E1500289EA3 /* Sources */ = {
			isa = PBXSourcesBuildPhase;
			buildActionMask = 2147483647;
			files = (
				84C1E3421DFE7E1500289EA3 /* ZJMusicPlayerTests.m in Sources */,
			);
			runOnlyForDeploymentPostprocessing = 0;
		};
		84C1E3441DFE7E1500289EA3 /* Sources */ = {
			isa = PBXSourcesBuildPhase;
			buildActionMask = 2147483647;
			files = (
				84C1E34D1DFE7E1500289EA3 /* ZJMusicPlayerUITests.m in Sources */,
			);
			runOnlyForDeploymentPostprocessing = 0;
		};
/* End PBXSourcesBuildPhase section */

/* Begin PBXTargetDependency section */
		84C1E33F1DFE7E1500289EA3 /* PBXTargetDependency */ = {
			isa = PBXTargetDependency;
			target = 84C1E3231DFE7E1500289EA3 /* ZJMusicPlayer */;
			targetProxy = 84C1E33E1DFE7E1500289EA3 /* PBXContainerItemProxy */;
		};
		84C1E34A1DFE7E1500289EA3 /* PBXTargetDependency */ = {
			isa = PBXTargetDependency;
			target = 84C1E3231DFE7E1500289EA3 /* ZJMusicPlayer */;
			targetProxy = 84C1E3491DFE7E1500289EA3 /* PBXContainerItemProxy */;
		};
/* End PBXTargetDependency section */

/* Begin PBXVariantGroup section */
		84C1E3301DFE7E1500289EA3 /* Main.storyboard */ = {
			isa = PBXVariantGroup;
			children = (
				84C1E3311DFE7E1500289EA3 /* Base */,
			);
			name = Main.storyboard;
			sourceTree = "<group>";
		};
		84C1E3351DFE7E1500289EA3 /* LaunchScreen.storyboard */ = {
			isa = PBXVariantGroup;
			children = (
				84C1E3361DFE7E1500289EA3 /* Base */,
			);
			name = LaunchScreen.storyboard;
			sourceTree = "<group>";
		};
/* End PBXVariantGroup section */

/* Begin XCBuildConfiguration section */
		84C1E34F1DFE7E1500289EA3 /* Debug */ = {
			isa = XCBuildConfiguration;
			buildSettings = {
				ALWAYS_SEARCH_USER_PATHS = NO;
				CLANG_ANALYZER_NONNULL = YES;
				CLANG_CXX_LANGUAGE_STANDARD = "gnu++0x";
				CLANG_CXX_LIBRARY = "libc++";
				CLANG_ENABLE_MODULES = YES;
				CLANG_ENABLE_OBJC_ARC = YES;
				CLANG_WARN_BOOL_CONVERSION = YES;
				CLANG_WARN_CONSTANT_CONVERSION = YES;
				CLANG_WARN_DIRECT_OBJC_ISA_USAGE = YES_ERROR;
				CLANG_WARN_DOCUMENTATION_COMMENTS = YES;
				CLANG_WARN_EMPTY_BODY = YES;
				CLANG_WARN_ENUM_CONVERSION = YES;
				CLANG_WARN_INFINITE_RECURSION = YES;
				CLANG_WARN_INT_CONVERSION = YES;
				CLANG_WARN_OBJC_ROOT_CLASS = YES_ERROR;
				CLANG_WARN_SUSPICIOUS_MOVES = YES;
				CLANG_WARN_UNREACHABLE_CODE = YES;
				CLANG_WARN__DUPLICATE_METHOD_MATCH = YES;
				"CODE_SIGN_IDENTITY[sdk=iphoneos*]" = "iPhone Developer";
				COPY_PHASE_STRIP = NO;
				DEBUG_INFORMATION_FORMAT = dwarf;
				ENABLE_STRICT_OBJC_MSGSEND = YES;
				ENABLE_TESTABILITY = YES;
				GCC_C_LANGUAGE_STANDARD = gnu99;
				GCC_DYNAMIC_NO_PIC = NO;
				GCC_NO_COMMON_BLOCKS = YES;
				GCC_OPTIMIZATION_LEVEL = 0;
				GCC_PREPROCESSOR_DEFINITIONS = (
					"DEBUG=1",
					"$(inherited)",
				);
				GCC_WARN_64_TO_32_BIT_CONVERSION = YES;
				GCC_WARN_ABOUT_RETURN_TYPE = YES_ERROR;
				GCC_WARN_UNDECLARED_SELECTOR = YES;
				GCC_WARN_UNINITIALIZED_AUTOS = YES_AGGRESSIVE;
				GCC_WARN_UNUSED_FUNCTION = YES;
				GCC_WARN_UNUSED_VARIABLE = YES;
				IPHONEOS_DEPLOYMENT_TARGET = 10.1;
				MTL_ENABLE_DEBUG_INFO = YES;
				ONLY_ACTIVE_ARCH = YES;
				SDKROOT = iphoneos;
				TARGETED_DEVICE_FAMILY = "1,2";
			};
			name = Debug;
		};
		84C1E3501DFE7E1500289EA3 /* Release */ = {
			isa = XCBuildConfiguration;
			buildSettings = {
				ALWAYS_SEARCH_USER_PATHS = NO;
				CLANG_ANALYZER_NONNULL = YES;
				CLANG_CXX_LANGUAGE_STANDARD = "gnu++0x";
				CLANG_CXX_LIBRARY = "libc++";
				CLANG_ENABLE_MODULES = YES;
				CLANG_ENABLE_OBJC_ARC = YES;
				CLANG_WARN_BOOL_CONVERSION = YES;
				CLANG_WARN_CONSTANT_CONVERSION = YES;
				CLANG_WARN_DIRECT_OBJC_ISA_USAGE = YES_ERROR;
				CLANG_WARN_DOCUMENTATION_COMMENTS = YES;
				CLANG_WARN_EMPTY_BODY = YES;
				CLANG_WARN_ENUM_CONVERSION = YES;
				CLANG_WARN_INFINITE_RECURSION = YES;
				CLANG_WARN_INT_CONVERSION = YES;
				CLANG_WARN_OBJC_ROOT_CLASS = YES_ERROR;
				CLANG_WARN_SUSPICIOUS_MOVES = YES;
				CLANG_WARN_UNREACHABLE_CODE = YES;
				CLANG_WARN__DUPLICATE_METHOD_MATCH = YES;
				"CODE_SIGN_IDENTITY[sdk=iphoneos*]" = "iPhone Developer";
				COPY_PHASE_STRIP = NO;
				DEBUG_INFORMATION_FORMAT = "dwarf-with-dsym";
				ENABLE_NS_ASSERTIONS = NO;
				ENABLE_STRICT_OBJC_MSGSEND = YES;
				GCC_C_LANGUAGE_STANDARD = gnu99;
				GCC_NO_COMMON_BLOCKS = YES;
				GCC_WARN_64_TO_32_BIT_CONVERSION = YES;
				GCC_WARN_ABOUT_RETURN_TYPE = YES_ERROR;
				GCC_WARN_UNDECLARED_SELECTOR = YES;
				GCC_WARN_UNINITIALIZED_AUTOS = YES_AGGRESSIVE;
				GCC_WARN_UNUSED_FUNCTION = YES;
				GCC_WARN_UNUSED_VARIABLE = YES;
				IPHONEOS_DEPLOYMENT_TARGET = 10.1;
				MTL_ENABLE_DEBUG_INFO = NO;
				SDKROOT = iphoneos;
				TARGETED_DEVICE_FAMILY = "1,2";
				VALIDATE_PRODUCT = YES;
			};
			name = Release;
		};
		84C1E3521DFE7E1500289EA3 /* Debug */ = {
			isa = XCBuildConfiguration;
			buildSettings = {
				ASSETCATALOG_COMPILER_APPICON_NAME = AppIcon;
				DEVELOPMENT_TEAM = U3ME3KZGWP;
				INFOPLIST_FILE = ZJMusicPlayer/Info.plist;
				LD_RUNPATH_SEARCH_PATHS = "$(inherited) @executable_path/Frameworks";
				PRODUCT_BUNDLE_IDENTIFIER = ZJKeepMoving.ZJMusicPlayer;
				PRODUCT_NAME = "$(TARGET_NAME)";
			};
			name = Debug;
		};
		84C1E3531DFE7E1500289EA3 /* Release */ = {
			isa = XCBuildConfiguration;
			buildSettings = {
				ASSETCATALOG_COMPILER_APPICON_NAME = AppIcon;
				DEVELOPMENT_TEAM = U3ME3KZGWP;
				INFOPLIST_FILE = ZJMusicPlayer/Info.plist;
				LD_RUNPATH_SEARCH_PATHS = "$(inherited) @executable_path/Frameworks";
				PRODUCT_BUNDLE_IDENTIFIER = ZJKeepMoving.ZJMusicPlayer;
				PRODUCT_NAME = "$(TARGET_NAME)";
			};
			name = Release;
		};
		84C1E3551DFE7E1500289EA3 /* Debug */ = {
			isa = XCBuildConfiguration;
			buildSettings = {
				BUNDLE_LOADER = "$(TEST_HOST)";
				INFOPLIST_FILE = ZJMusicPlayerTests/Info.plist;
				LD_RUNPATH_SEARCH_PATHS = "$(inherited) @executable_path/Frameworks @loader_path/Frameworks";
				PRODUCT_BUNDLE_IDENTIFIER = ZJKeepMoving.ZJMusicPlayerTests;
				PRODUCT_NAME = "$(TARGET_NAME)";
				TEST_HOST = "$(BUILT_PRODUCTS_DIR)/ZJMusicPlayer.app/ZJMusicPlayer";
			};
			name = Debug;
		};
		84C1E3561DFE7E1500289EA3 /* Release */ = {
			isa = XCBuildConfiguration;
			buildSettings = {
				BUNDLE_LOADER = "$(TEST_HOST)";
				INFOPLIST_FILE = ZJMusicPlayerTests/Info.plist;
				LD_RUNPATH_SEARCH_PATHS = "$(inherited) @executable_path/Frameworks @loader_path/Frameworks";
				PRODUCT_BUNDLE_IDENTIFIER = ZJKeepMoving.ZJMusicPlayerTests;
				PRODUCT_NAME = "$(TARGET_NAME)";
				TEST_HOST = "$(BUILT_PRODUCTS_DIR)/ZJMusicPlayer.app/ZJMusicPlayer";
			};
			name = Release;
		};
		84C1E3581DFE7E1500289EA3 /* Debug */ = {
			isa = XCBuildConfiguration;
			buildSettings = {
				INFOPLIST_FILE = ZJMusicPlayerUITests/Info.plist;
				LD_RUNPATH_SEARCH_PATHS = "$(inherited) @executable_path/Frameworks @loader_path/Frameworks";
				PRODUCT_BUNDLE_IDENTIFIER = ZJKeepMoving.ZJMusicPlayerUITests;
				PRODUCT_NAME = "$(TARGET_NAME)";
				TEST_TARGET_NAME = ZJMusicPlayer;
			};
			name = Debug;
		};
		84C1E3591DFE7E1500289EA3 /* Release */ = {
			isa = XCBuildConfiguration;
			buildSettings = {
				INFOPLIST_FILE = ZJMusicPlayerUITests/Info.plist;
				LD_RUNPATH_SEARCH_PATHS = "$(inherited) @executable_path/Frameworks @loader_path/Frameworks";
				PRODUCT_BUNDLE_IDENTIFIER = ZJKeepMoving.ZJMusicPlayerUITests;
				PRODUCT_NAME = "$(TARGET_NAME)";
				TEST_TARGET_NAME = ZJMusicPlayer;
			};
			name = Release;
		};
/* End XCBuildConfiguration section */

/* Begin XCConfigurationList section */
		84C1E31F1DFE7E1500289EA3 /* Build configuration list for PBXProject "ZJMusicPlayer" */ = {
			isa = XCConfigurationList;
			buildConfigurations = (
				84C1E34F1DFE7E1500289EA3 /* Debug */,
				84C1E3501DFE7E1500289EA3 /* Release */,
			);
			defaultConfigurationIsVisible = 0;
			defaultConfigurationName = Release;
		};
		84C1E3511DFE7E1500289EA3 /* Build configuration list for PBXNativeTarget "ZJMusicPlayer" */ = {
			isa = XCConfigurationList;
			buildConfigurations = (
				84C1E3521DFE7E1500289EA3 /* Debug */,
				84C1E3531DFE7E1500289EA3 /* Release */,
			);
			defaultConfigurationIsVisible = 0;
		};
		84C1E3541DFE7E1500289EA3 /* Build configuration list for PBXNativeTarget "ZJMusicPlayerTests" */ = {
			isa = XCConfigurationList;
			buildConfigurations = (
				84C1E3551DFE7E1500289EA3 /* Debug */,
				84C1E3561DFE7E1500289EA3 /* Release */,
			);
			defaultConfigurationIsVisible = 0;
		};
		84C1E3571DFE7E1500289EA3 /* Build configuration list for PBXNativeTarget "ZJMusicPlayerUITests" */ = {
			isa = XCConfigurationList;
			buildConfigurations = (
				84C1E3581DFE7E1500289EA3 /* Debug */,
				84C1E3591DFE7E1500289EA3 /* Release */,
			);
			defaultConfigurationIsVisible = 0;
		};
/* End XCConfigurationList section */
	};
	rootObject = 84C1E31C1DFE7E1500289EA3 /* Project object */;
}
